
Microsoft Visual Studio Solution File, Format Version 12.00
# Visual Studio Version 16
VisualStudioVersion = 16.0.29609.76
MinimumVisualStudioVersion = 10.0.40219.1
Project("{FAE04EC0-301F-11D3-BF4B-00C04F79EFBC}") = "ExchangeApp.UWP", "ExchangeApp.UWP\ExchangeApp.UWP.csproj", "{CF991DA9-041B-436B-8718-307F2FEB55AA}"
EndProject
Project("{FAE04EC0-301F-11D3-BF4B-00C04F79EFBC}") = "ExchangeApp", "ExchangeApp\ExchangeApp.csproj", "{A359E0C5-FEB0-4652-8B24-03FD63A1B46D}"
EndProject
Global
	GlobalSection(SolutionConfigurationPlatforms) = preSolution
		Debug|Any CPU = Debug|Any CPU
		Debug|ARM = Debug|ARM
		Debug|x64 = Debug|x64
		Debug|x86 = Debug|x86
		Release|Any CPU = Release|Any CPU
		Release|ARM = Release|ARM
		Release|x64 = Release|x64
		Release|x86 = Release|x86
	EndGlobalSection
	GlobalSection(ProjectConfigurationPlatforms) = postSolution
		{CF991DA9-041B-436B-8718-307F2FEB55AA}.Debug|Any CPU.ActiveCfg = Debug|x86
		{CF991DA9-041B-436B-8718-307F2FEB55AA}.Debug|Any CPU.Build.0 = Debug|x86
		{CF991DA9-041B-436B-8718-307F2FEB55AA}.Debug|Any CPU.Deploy.0 = Debug|x86
		{CF991DA9-041B-436B-8718-307F2FEB55AA}.Debug|ARM.ActiveCfg = Debug|ARM
		{CF991DA9-041B-436B-8718-307F2FEB55AA}.Debug|ARM.Build.0 = Debug|ARM
		{CF991DA9-041B-436B-8718-307F2FEB55AA}.Debug|ARM.Deploy.0 = Debug|ARM
		{CF991DA9-041B-436B-8718-307F2FEB55AA}.Debug|x64.ActiveCfg = Debug|x64
		{CF991DA9-041B-436B-8718-307F2FEB55AA}.Debug|x64.Build.0 = Debug|x64
		{CF991DA9-041B-436B-8718-307F2FEB55AA}.Debug|x64.Deploy.0 = Debug|x64
		{CF991DA9-041B-436B-8718-307F2FEB55AA}.Debug|x86.ActiveCfg = Debug|x86
		{CF991DA9-041B-436B-8718-307F2FEB55AA}.Debug|x86.Build.0 = Debug|x86
		{CF991DA9-041B-436B-8718-307F2FEB55AA}.Debug|x86.Deploy.0 = Debug|x86
		{CF991DA9-041B-436B-8718-307F2FEB55AA}.Release|Any CPU.ActiveCfg = Release|x86
		{CF991DA9-041B-436B-8718-307F2FEB55AA}.Release|Any CPU.Build.0 = Release|x86
		{CF991DA9-041B-436B-8718-307F2FEB55AA}.Release|Any CPU.Deploy.0 = Release|x86
		{CF991DA9-041B-436B-8718-307F2FEB55AA}.Release|ARM.ActiveCfg = Release|ARM
		{CF991DA9-041B-436B-8718-307F2FEB55AA}.Release|ARM.Build.0 = Release|ARM
		{CF991DA9-041B-436B-8718-307F2FEB55AA}.Release|ARM.Deploy.0 = Release|ARM
		{CF991DA9-041B-436B-8718-307F2FEB55AA}.Release|x64.ActiveCfg = Release|x64
		{CF991DA9-041B-436B-8718-307F2FEB55AA}.Release|x64.Build.0 = Release|x64
		{CF991DA9-041B-436B-8718-307F2FEB55AA}.Release|x64.Deploy.0 = Release|x64
		{CF991DA9-041B-436B-8718-307F2FEB55AA}.Release|x86.ActiveCfg = Release|x86
		{CF991DA9-041B-436B-8718-307F2FEB55AA}.Release|x86.Build.0 = Release|x86
		{CF991DA9-041B-436B-8718-307F2FEB55AA}.Release|x86.Deploy.0 = Release|x86
		{A359E0C5-FEB0-4652-8B24-03FD63A1B46D}.Debug|Any CPU.ActiveCfg = Debug|Any CPU
		{A359E0C5-FEB0-4652-8B24-03FD63A1B46D}.Debug|Any CPU.Build.0 = Debug|Any CPU
		{A359E0C5-FEB0-4652-8B24-03FD63A1B46D}.Debug|Any CPU.Deploy.0 = Debug|Any CPU
		{A359E0C5-FEB0-4652-8B24-03FD63A1B46D}.Debug|ARM.ActiveCfg = Debug|Any CPU
		{A359E0C5-FEB0-4652-8B24-03FD63A1B46D}.Debug|ARM.Build.0 = Debug|Any CPU
		{A359E0C5-FEB0-4652-8B24-03FD63A1B46D}.Debug|ARM.Deploy.0 = Debug|Any CPU
		{A359E0C5-FEB0-4652-8B24-03FD63A1B46D}.Debug|x64.ActiveCfg = Debug|Any CPU
		{A359E0C5-FEB0-4652-8B24-03FD63A1B46D}.Debug|x64.Build.0 = Debug|Any CPU
		{A359E0C5-FEB0-4652-8B24-03FD63A1B46D}.Debug|x64.Deploy.0 = Debug|Any CPU
		{A359E0C5-FEB0-4652-8B24-03FD63A1B46D}.Debug|x86.ActiveCfg = Debug|Any CPU
		{A359E0C5-FEB0-4652-8B24-03FD63A1B46D}.Debug|x86.Build.0 = Debug|Any CPU
		{A359E0C5-FEB0-4652-8B24-03FD63A1B46D}.Debug|x86.Deploy.0 = Debug|Any CPU
		{A359E0C5-FEB0-4652-8B24-03FD63A1B46D}.Release|Any CPU.ActiveCfg = Release|Any CPU
		{A359E0C5-FEB0-4652-8B24-03FD63A1B46D}.Release|Any CPU.Build.0 = Release|Any CPU
		{A359E0C5-FEB0-4652-8B24-03FD63A1B46D}.Release|Any CPU.Deploy.0 = Release|Any CPU
		{A359E0C5-FEB0-4652-8B24-03FD63A1B46D}.Release|ARM.ActiveCfg = Release|Any CPU
		{A359E0C5-FEB0-4652-8B24-03FD63A1B46D}.Release|ARM.Build.0 = Release|Any CPU
		{A359E0C5-FEB0-4652-8B24-03FD63A1B46D}.Release|ARM.Deploy.0 = Release|Any CPU
		{A359E0C5-FEB0-4652-8B24-03FD63A1B46D}.Release|x64.ActiveCfg = Release|Any CPU
		{A359E0C5-FEB0-4652-8B24-03FD63A1B46D}.Release|x64.Build.0 = Release|Any CPU
		{A359E0C5-FEB0-4652-8B24-03FD63A1B46D}.Release|x64.Deploy.0 = Release|Any CPU
		{A359E0C5-FEB0-4652-8B24-03FD63A1B46D}.Release|x86.ActiveCfg = Release|Any CPU
		{A359E0C5-FEB0-4652-8B24-03FD63A1B46D}.Release|x86.Build.0 = Release|Any CPU
		{A359E0C5-FEB0-4652-8B24-03FD63A1B46D}.Release|x86.Deploy.0 = Release|Any CPU
	EndGlobalSection
	GlobalSection(SolutionProperties) = preSolution
		HideSolutionNode = FALSE
	EndGlobalSection
	GlobalSection(ExtensibilityGlobals) = postSolution
		SolutionGuid = {5A185388-5226-491D-8EA4-1A14CFC7D6CC}
	EndGlobalSection
EndGlobal
